// !$*UTF8*$!
{
	archiveVersion = 1;
	classes = {
	};
	objectVersion = 46;
	objects = {

/* Begin PBXBuildFile section */
		0D4117FE1E825E00002FC1F9 /* main.m in Sources */ = {isa = PBXBuildFile; fileRef = 0D4117FD1E825E00002FC1F9 /* main.m */; };
		0D4118011E825E00002FC1F9 /* AppDelegate.m in Sources */ = {isa = PBXBuildFile; fileRef = 0D4118001E825E00002FC1F9 /* AppDelegate.m */; };
		0D4118041E825E00002FC1F9 /* ViewController.m in Sources */ = {isa = PBXBuildFile; fileRef = 0D4118031E825E00002FC1F9 /* ViewController.m */; };
		0D4118071E825E00002FC1F9 /* Main.storyboard in Resources */ = {isa = PBXBuildFile; fileRef = 0D4118051E825E00002FC1F9 /* Main.storyboard */; };
		0D4118091E825E00002FC1F9 /* Assets.xcassets in Resources */ = {isa = PBXBuildFile; fileRef = 0D4118081E825E00002FC1F9 /* Assets.xcassets */; };
		0D41180C1E825E00002FC1F9 /* LaunchScreen.storyboard in Resources */ = {isa = PBXBuildFile; fileRef = 0D41180A1E825E00002FC1F9 /* LaunchScreen.storyboard */; };
/* End PBXBuildFile section */

/* Begin PBXFileReference section */
		0D4117F91E825E00002FC1F9 /* FZKTools.app */ = {isa = PBXFileReference; explicitFileType = wrapper.application; includeInIndex = 0; path = FZKTools.app; sourceTree = BUILT_PRODUCTS_DIR; };
		0D4117FD1E825E00002FC1F9 /* main.m */ = {isa = PBXFileReference; lastKnownFileType = sourcecode.c.objc; path = main.m; sourceTree = "<group>"; };
		0D4117FF1E825E00002FC1F9 /* AppDelegate.h */ = {isa = PBXFileReference; lastKnownFileType = sourcecode.c.h; path = AppDelegate.h; sourceTree = "<group>"; };
		0D4118001E825E00002FC1F9 /* AppDelegate.m */ = {isa = PBXFileReference; lastKnownFileType = sourcecode.c.objc; path = AppDelegate.m; sourceTree = "<group>"; };
		0D4118021E825E00002FC1F9 /* ViewController.h */ = {isa = PBXFileReference; lastKnownFileType = sourcecode.c.h; path = ViewController.h; sourceTree = "<group>"; };
		0D4118031E825E00002FC1F9 /* ViewController.m */ = {isa = PBXFileReference; lastKnownFileType = sourcecode.c.objc; path = ViewController.m; sourceTree = "<group>"; };
		0D4118061E825E00002FC1F9 /* Base */ = {isa = PBXFileReference; lastKnownFileType = file.storyboard; name = Base; path = Base.lproj/Main.storyboard; sourceTree = "<group>"; };
		0D4118081E825E00002FC1F9 /* Assets.xcassets */ = {isa = PBXFileReference; lastKnownFileType = folder.assetcatalog; path = Assets.xcassets; sourceTree = "<group>"; };
		0D41180B1E825E00002FC1F9 /* Base */ = {isa = PBXFileReference; lastKnownFileType = file.storyboard; name = Base; path = Base.lproj/LaunchScreen.storyboard; sourceTree = "<group>"; };
		0D41180D1E825E00002FC1F9 /* Info.plist */ = {isa = PBXFileReference; lastKnownFileType = text.plist.xml; path = Info.plist; sourceTree = "<group>"; };
		0D7A27CC1FA9A5BF00CB148E /* FZKFoundation.h */ = {isa = PBXFileReference; lastKnownFileType = sourcecode.c.h; path = FZKFoundation.h; sourceTree = "<group>"; };
		0D7A27CD1FA9A5BF00CB148E /* NSDate+FZKExtension.h */ = {isa = PBXFileReference; lastKnownFileType = sourcecode.c.h; path = "NSDate+FZKExtension.h"; sourceTree = "<group>"; };
		0D7A27CE1FA9A5BF00CB148E /* NSDate+FZKExtension.m */ = {isa = PBXFileReference; lastKnownFileType = sourcecode.c.objc; path = "NSDate+FZKExtension.m"; sourceTree = "<group>"; };
		0D7A27CF1FA9A5BF00CB148E /* NSDictionary+FZKExtension.h */ = {isa = PBXFileReference; lastKnownFileType = sourcecode.c.h; path = "NSDictionary+FZKExtension.h"; sourceTree = "<group>"; };
		0D7A27D01FA9A5BF00CB148E /* NSDictionary+FZKExtension.m */ = {isa = PBXFileReference; lastKnownFileType = sourcecode.c.objc; path = "NSDictionary+FZKExtension.m"; sourceTree = "<group>"; };
		0D7A27D11FA9A5BF00CB148E /* NSIndexPath+FZKOffset.h */ = {isa = PBXFileReference; lastKnownFileType = sourcecode.c.h; path = "NSIndexPath+FZKOffset.h"; sourceTree = "<group>"; };
		0D7A27D21FA9A5BF00CB148E /* NSIndexPath+FZKOffset.m */ = {isa = PBXFileReference; lastKnownFileType = sourcecode.c.objc; path = "NSIndexPath+FZKOffset.m"; sourceTree = "<group>"; };
		0D7A27D31FA9A5BF00CB148E /* NSString+FZKEncode.h */ = {isa = PBXFileReference; lastKnownFileType = sourcecode.c.h; path = "NSString+FZKEncode.h"; sourceTree = "<group>"; };
		0D7A27D41FA9A5BF00CB148E /* NSString+FZKEncode.m */ = {isa = PBXFileReference; lastKnownFileType = sourcecode.c.objc; path = "NSString+FZKEncode.m"; sourceTree = "<group>"; };
		0D7A27D51FA9A5BF00CB148E /* NSString+FZKUtils.h */ = {isa = PBXFileReference; lastKnownFileType = sourcecode.c.h; path = "NSString+FZKUtils.h"; sourceTree = "<group>"; };
		0D7A27D61FA9A5BF00CB148E /* NSString+FZKUtils.m */ = {isa = PBXFileReference; lastKnownFileType = sourcecode.c.objc; path = "NSString+FZKUtils.m"; sourceTree = "<group>"; };
		0D7A27D81FA9A5BF00CB148E /* FZKUIKit.h */ = {isa = PBXFileReference; lastKnownFileType = sourcecode.c.h; path = FZKUIKit.h; sourceTree = "<group>"; };
		0D7A27D91FA9A5BF00CB148E /* UIApplication+FZKAPNs.h */ = {isa = PBXFileReference; lastKnownFileType = sourcecode.c.h; path = "UIApplication+FZKAPNs.h"; sourceTree = "<group>"; };
		0D7A27DA1FA9A5BF00CB148E /* UIApplication+FZKAPNs.m */ = {isa = PBXFileReference; lastKnownFileType = sourcecode.c.objc; path = "UIApplication+FZKAPNs.m"; sourceTree = "<group>"; };
		0D7A27DB1FA9A5BF00CB148E /* UIBarButtonItem+FZKBadge.h */ = {isa = PBXFileReference; lastKnownFileType = sourcecode.c.h; path = "UIBarButtonItem+FZKBadge.h"; sourceTree = "<group>"; };
		0D7A27DC1FA9A5BF00CB148E /* UIBarButtonItem+FZKBadge.m */ = {isa = PBXFileReference; lastKnownFileType = sourcecode.c.objc; path = "UIBarButtonItem+FZKBadge.m"; sourceTree = "<group>"; };
		0D7A27DD1FA9A5BF00CB148E /* UIButton+FZKUntil.h */ = {isa = PBXFileReference; lastKnownFileType = sourcecode.c.h; path = "UIButton+FZKUntil.h"; sourceTree = "<group>"; };
		0D7A27DE1FA9A5BF00CB148E /* UIButton+FZKUntil.m */ = {isa = PBXFileReference; lastKnownFileType = sourcecode.c.objc; path = "UIButton+FZKUntil.m"; sourceTree = "<group>"; };
		0D7A27DF1FA9A5BF00CB148E /* UIColor+FZKUntil.h */ = {isa = PBXFileReference; lastKnownFileType = sourcecode.c.h; path = "UIColor+FZKUntil.h"; sourceTree = "<group>"; };
		0D7A27E01FA9A5BF00CB148E /* UIColor+FZKUntil.m */ = {isa = PBXFileReference; lastKnownFileType = sourcecode.c.objc; path = "UIColor+FZKUntil.m"; sourceTree = "<group>"; };
		0D7A27E11FA9A5BF00CB148E /* UIControl+FZKUtil.h */ = {isa = PBXFileReference; lastKnownFileType = sourcecode.c.h; path = "UIControl+FZKUtil.h"; sourceTree = "<group>"; };
		0D7A27E21FA9A5BF00CB148E /* UIControl+FZKUtil.m */ = {isa = PBXFileReference; lastKnownFileType = sourcecode.c.objc; path = "UIControl+FZKUtil.m"; sourceTree = "<group>"; };
		0D7A27E31FA9A5BF00CB148E /* UIDevice+FZKHardware.h */ = {isa = PBXFileReference; lastKnownFileType = sourcecode.c.h; path = "UIDevice+FZKHardware.h"; sourceTree = "<group>"; };
		0D7A27E41FA9A5BF00CB148E /* UIDevice+FZKHardware.m */ = {isa = PBXFileReference; lastKnownFileType = sourcecode.c.objc; path = "UIDevice+FZKHardware.m"; sourceTree = "<group>"; };
		0D7A27E51FA9A5BF00CB148E /* UIImage+FZKUntil.h */ = {isa = PBXFileReference; lastKnownFileType = sourcecode.c.h; path = "UIImage+FZKUntil.h"; sourceTree = "<group>"; };
		0D7A27E61FA9A5BF00CB148E /* UIImage+FZKUntil.m */ = {isa = PBXFileReference; lastKnownFileType = sourcecode.c.objc; path = "UIImage+FZKUntil.m"; sourceTree = "<group>"; };
		0D7A27E71FA9A5BF00CB148E /* UIImageView+FZKUntil.h */ = {isa = PBXFileReference; lastKnownFileType = sourcecode.c.h; path = "UIImageView+FZKUntil.h"; sourceTree = "<group>"; };
		0D7A27E81FA9A5BF00CB148E /* UIImageView+FZKUntil.m */ = {isa = PBXFileReference; lastKnownFileType = sourcecode.c.objc; path = "UIImageView+FZKUntil.m"; sourceTree = "<group>"; };
		0D7A27E91FA9A5BF00CB148E /* UINavigationController+FZKUntil.h */ = {isa = PBXFileReference; lastKnownFileType = sourcecode.c.h; path = "UINavigationController+FZKUntil.h"; sourceTree = "<group>"; };
		0D7A27EA1FA9A5BF00CB148E /* UINavigationController+FZKUntil.m */ = {isa = PBXFileReference; lastKnownFileType = sourcecode.c.objc; path = "UINavigationController+FZKUntil.m"; sourceTree = "<group>"; };
		0D7A27EB1FA9A5BF00CB148E /* UITextField+FZKUntil.h */ = {isa = PBXFileReference; lastKnownFileType = sourcecode.c.h; path = "UITextField+FZKUntil.h"; sourceTree = "<group>"; };
		0D7A27EC1FA9A5BF00CB148E /* UITextField+FZKUntil.m */ = {isa = PBXFileReference; lastKnownFileType = sourcecode.c.objc; path = "UITextField+FZKUntil.m"; sourceTree = "<group>"; };
		0D7A27ED1FA9A5BF00CB148E /* UITextView+FZKUntil.h */ = {isa = PBXFileReference; lastKnownFileType = sourcecode.c.h; path = "UITextView+FZKUntil.h"; sourceTree = "<group>"; };
		0D7A27EE1FA9A5BF00CB148E /* UITextView+FZKUntil.m */ = {isa = PBXFileReference; lastKnownFileType = sourcecode.c.objc; path = "UITextView+FZKUntil.m"; sourceTree = "<group>"; };
		0D7A27EF1FA9A5BF00CB148E /* UIView+FZKUntil.h */ = {isa = PBXFileReference; lastKnownFileType = sourcecode.c.h; path = "UIView+FZKUntil.h"; sourceTree = "<group>"; };
		0D7A27F01FA9A5BF00CB148E /* UIView+FZKUntil.m */ = {isa = PBXFileReference; lastKnownFileType = sourcecode.c.objc; path = "UIView+FZKUntil.m"; sourceTree = "<group>"; };
		0D7A27F11FA9A5BF00CB148E /* UIWindow+FZKUntil.h */ = {isa = PBXFileReference; lastKnownFileType = sourcecode.c.h; path = "UIWindow+FZKUntil.h"; sourceTree = "<group>"; };
		0D7A27F21FA9A5BF00CB148E /* UIWindow+FZKUntil.m */ = {isa = PBXFileReference; lastKnownFileType = sourcecode.c.objc; path = "UIWindow+FZKUntil.m"; sourceTree = "<group>"; };
		0D7A27F31FA9A5BF00CB148E /* FZKTools.h */ = {isa = PBXFileReference; lastKnownFileType = sourcecode.c.h; path = FZKTools.h; sourceTree = "<group>"; };
		0D7A27F51FA9A5BF00CB148E /* FZKAPPMacro.h */ = {isa = PBXFileReference; lastKnownFileType = sourcecode.c.h; path = FZKAPPMacro.h; sourceTree = "<group>"; };
		0D7A27F61FA9A5BF00CB148E /* FZKColorMacro.h */ = {isa = PBXFileReference; lastKnownFileType = sourcecode.c.h; path = FZKColorMacro.h; sourceTree = "<group>"; };
		0D7A27F71FA9A5BF00CB148E /* FZKMacro.h */ = {isa = PBXFileReference; lastKnownFileType = sourcecode.c.h; path = FZKMacro.h; sourceTree = "<group>"; };
		0D7A27F81FA9A5BF00CB148E /* FZKNotificationMacro.h */ = {isa = PBXFileReference; lastKnownFileType = sourcecode.c.h; path = FZKNotificationMacro.h; sourceTree = "<group>"; };
		0D7A27F91FA9A5BF00CB148E /* FZKRequestMacro.h */ = {isa = PBXFileReference; lastKnownFileType = sourcecode.c.h; path = FZKRequestMacro.h; sourceTree = "<group>"; };
		0D7A27FA1FA9A5BF00CB148E /* FZKSQLMacro.h */ = {isa = PBXFileReference; lastKnownFileType = sourcecode.c.h; path = FZKSQLMacro.h; sourceTree = "<group>"; };
		0D7A27FB1FA9A5BF00CB148E /* FZKUtilsMacro.h */ = {isa = PBXFileReference; lastKnownFileType = sourcecode.c.h; path = FZKUtilsMacro.h; sourceTree = "<group>"; };
		0D7A27FD1FA9A5BF00CB148E /* FZKNetWorking.h */ = {isa = PBXFileReference; lastKnownFileType = sourcecode.c.h; path = FZKNetWorking.h; sourceTree = "<group>"; };
		0D7A27FE1FA9A5BF00CB148E /* FZKNetWorking.m */ = {isa = PBXFileReference; lastKnownFileType = sourcecode.c.objc; path = FZKNetWorking.m; sourceTree = "<group>"; };
		0D7A27FF1FA9A5BF00CB148E /* README.md */ = {isa = PBXFileReference; lastKnownFileType = net.daringfireball.markdown; path = README.md; sourceTree = "<group>"; };
		0D7A28011FA9A5BF00CB148E /* FZKAdjustScreen.h */ = {isa = PBXFileReference; lastKnownFileType = sourcecode.c.h; path = FZKAdjustScreen.h; sourceTree = "<group>"; };
		0D7A28021FA9A5BF00CB148E /* FZKCChineseSort.h */ = {isa = PBXFileReference; lastKnownFileType = sourcecode.c.h; path = FZKCChineseSort.h; sourceTree = "<group>"; };
		0D7A28031FA9A5BF00CB148E /* FZKCChineseSort.m */ = {isa = PBXFileReference; lastKnownFileType = sourcecode.c.objc; path = FZKCChineseSort.m; sourceTree = "<group>"; };
		0D7A28041FA9A5BF00CB148E /* FZKConvert.h */ = {isa = PBXFileReference; lastKnownFileType = sourcecode.c.h; path = FZKConvert.h; sourceTree = "<group>"; };
		0D7A28051FA9A5BF00CB148E /* FZKConvert.m */ = {isa = PBXFileReference; lastKnownFileType = sourcecode.c.objc; path = FZKConvert.m; sourceTree = "<group>"; };
		0D7A28061FA9A5BF00CB148E /* FZKCountDownButton.h */ = {isa = PBXFileReference; lastKnownFileType = sourcecode.c.h; path = FZKCountDownButton.h; sourceTree = "<group>"; };
		0D7A28071FA9A5BF00CB148E /* FZKCountDownButton.m */ = {isa = PBXFileReference; lastKnownFileType = sourcecode.c.objc; path = FZKCountDownButton.m; sourceTree = "<group>"; };
		0D7A28081FA9A5BF00CB148E /* FZKMapNavigationManager.h */ = {isa = PBXFileReference; lastKnownFileType = sourcecode.c.h; path = FZKMapNavigationManager.h; sourceTree = "<group>"; };
		0D7A28091FA9A5BF00CB148E /* FZKMapNavigationManager.m */ = {isa = PBXFileReference; lastKnownFileType = sourcecode.c.objc; path = FZKMapNavigationManager.m; sourceTree = "<group>"; };
		0D7A280A1FA9A5BF00CB148E /* FZKPublicMothod.h */ = {isa = PBXFileReference; lastKnownFileType = sourcecode.c.h; path = FZKPublicMothod.h; sourceTree = "<group>"; };
		0D7A280B1FA9A5BF00CB148E /* FZKPublicMothod.m */ = {isa = PBXFileReference; lastKnownFileType = sourcecode.c.objc; path = FZKPublicMothod.m; sourceTree = "<group>"; };
		0D7A280C1FA9A5BF00CB148E /* FZKSandbox.h */ = {isa = PBXFileReference; lastKnownFileType = sourcecode.c.h; path = FZKSandbox.h; sourceTree = "<group>"; };
		0D7A280D1FA9A5BF00CB148E /* FZKSandbox.m */ = {isa = PBXFileReference; lastKnownFileType = sourcecode.c.objc; path = FZKSandbox.m; sourceTree = "<group>"; };
		0D7A280E1FA9A5BF00CB148E /* FZKUtilities.h */ = {isa = PBXFileReference; lastKnownFileType = sourcecode.c.h; path = FZKUtilities.h; sourceTree = "<group>"; };
		0D7A28101FA9A5BF00CB148E /* FZKKeyChainStore.h */ = {isa = PBXFileReference; lastKnownFileType = sourcecode.c.h; path = FZKKeyChainStore.h; sourceTree = "<group>"; };
		0D7A28111FA9A5BF00CB148E /* FZKKeyChainStore.m */ = {isa = PBXFileReference; lastKnownFileType = sourcecode.c.objc; path = FZKKeyChainStore.m; sourceTree = "<group>"; };
		0D7A28121FA9A5BF00CB148E /* FZKUUID.h */ = {isa = PBXFileReference; lastKnownFileType = sourcecode.c.h; path = FZKUUID.h; sourceTree = "<group>"; };
		0D7A28131FA9A5BF00CB148E /* FZKUUID.m */ = {isa = PBXFileReference; lastKnownFileType = sourcecode.c.objc; path = FZKUUID.m; sourceTree = "<group>"; };
/* End PBXFileReference section */

/* Begin PBXFrameworksBuildPhase section */
		0D4117F61E825E00002FC1F9 /* Frameworks */ = {
			isa = PBXFrameworksBuildPhase;
			buildActionMask = 2147483647;
			files = (
			);
			runOnlyForDeploymentPostprocessing = 0;
		};
/* End PBXFrameworksBuildPhase section */

/* Begin PBXGroup section */
		0D4117F01E825E00002FC1F9 = {
			isa = PBXGroup;
			children = (
				0D4117FB1E825E00002FC1F9 /* FZKTools */,
				0D4117FA1E825E00002FC1F9 /* Products */,
			);
			sourceTree = "<group>";
		};
		0D4117FA1E825E00002FC1F9 /* Products */ = {
			isa = PBXGroup;
			children = (
				0D4117F91E825E00002FC1F9 /* FZKTools.app */,
			);
			name = Products;
			sourceTree = "<group>";
		};
		0D4117FB1E825E00002FC1F9 /* FZKTools */ = {
			isa = PBXGroup;
			children = (
				0D7A27C91FA9A5BF00CB148E /* FZKTools */,
				0D4117FF1E825E00002FC1F9 /* AppDelegate.h */,
				0D4118001E825E00002FC1F9 /* AppDelegate.m */,
				0D4118021E825E00002FC1F9 /* ViewController.h */,
				0D4118031E825E00002FC1F9 /* ViewController.m */,
				0D4118051E825E00002FC1F9 /* Main.storyboard */,
				0D4118081E825E00002FC1F9 /* Assets.xcassets */,
				0D41180A1E825E00002FC1F9 /* LaunchScreen.storyboard */,
				0D41180D1E825E00002FC1F9 /* Info.plist */,
				0D4117FC1E825E00002FC1F9 /* Supporting Files */,
			);
			path = FZKTools;
			sourceTree = "<group>";
		};
		0D4117FC1E825E00002FC1F9 /* Supporting Files */ = {
			isa = PBXGroup;
			children = (
				0D4117FD1E825E00002FC1F9 /* main.m */,
			);
			name = "Supporting Files";
			sourceTree = "<group>";
		};
		0D7A27C91FA9A5BF00CB148E /* FZKTools */ = {
			isa = PBXGroup;
			children = (
				0D7A27CA1FA9A5BF00CB148E /* Category */,
				0D7A27F31FA9A5BF00CB148E /* FZKTools.h */,
				0D7A27F41FA9A5BF00CB148E /* Macro */,
				0D7A27FC1FA9A5BF00CB148E /* Networking */,
				0D7A27FF1FA9A5BF00CB148E /* README.md */,
				0D7A28001FA9A5BF00CB148E /* Utilities */,
				0D7A280F1FA9A5BF00CB148E /* UUID */,
			);
			path = FZKTools;
			sourceTree = "<group>";
		};
		0D7A27CA1FA9A5BF00CB148E /* Category */ = {
			isa = PBXGroup;
			children = (
				0D7A27CB1FA9A5BF00CB148E /* Foundation */,
				0D7A27D71FA9A5BF00CB148E /* UIKit */,
			);
			path = Category;
			sourceTree = "<group>";
		};
		0D7A27CB1FA9A5BF00CB148E /* Foundation */ = {
			isa = PBXGroup;
			children = (
				0D7A27CC1FA9A5BF00CB148E /* FZKFoundation.h */,
				0D7A27CD1FA9A5BF00CB148E /* NSDate+FZKExtension.h */,
				0D7A27CE1FA9A5BF00CB148E /* NSDate+FZKExtension.m */,
				0D7A27CF1FA9A5BF00CB148E /* NSDictionary+FZKExtension.h */,
				0D7A27D01FA9A5BF00CB148E /* NSDictionary+FZKExtension.m */,
				0D7A27D11FA9A5BF00CB148E /* NSIndexPath+FZKOffset.h */,
				0D7A27D21FA9A5BF00CB148E /* NSIndexPath+FZKOffset.m */,
				0D7A27D31FA9A5BF00CB148E /* NSString+FZKEncode.h */,
				0D7A27D41FA9A5BF00CB148E /* NSString+FZKEncode.m */,
				0D7A27D51FA9A5BF00CB148E /* NSString+FZKUtils.h */,
				0D7A27D61FA9A5BF00CB148E /* NSString+FZKUtils.m */,
			);
			path = Foundation;
			sourceTree = "<group>";
		};
		0D7A27D71FA9A5BF00CB148E /* UIKit */ = {
			isa = PBXGroup;
			children = (
				0D7A27D81FA9A5BF00CB148E /* FZKUIKit.h */,
				0D7A27D91FA9A5BF00CB148E /* UIApplication+FZKAPNs.h */,
				0D7A27DA1FA9A5BF00CB148E /* UIApplication+FZKAPNs.m */,
				0D7A27DB1FA9A5BF00CB148E /* UIBarButtonItem+FZKBadge.h */,
				0D7A27DC1FA9A5BF00CB148E /* UIBarButtonItem+FZKBadge.m */,
				0D7A27DD1FA9A5BF00CB148E /* UIButton+FZKUntil.h */,
				0D7A27DE1FA9A5BF00CB148E /* UIButton+FZKUntil.m */,
				0D7A27DF1FA9A5BF00CB148E /* UIColor+FZKUntil.h */,
				0D7A27E01FA9A5BF00CB148E /* UIColor+FZKUntil.m */,
				0D7A27E11FA9A5BF00CB148E /* UIControl+FZKUtil.h */,
				0D7A27E21FA9A5BF00CB148E /* UIControl+FZKUtil.m */,
				0D7A27E31FA9A5BF00CB148E /* UIDevice+FZKHardware.h */,
				0D7A27E41FA9A5BF00CB148E /* UIDevice+FZKHardware.m */,
				0D7A27E51FA9A5BF00CB148E /* UIImage+FZKUntil.h */,
				0D7A27E61FA9A5BF00CB148E /* UIImage+FZKUntil.m */,
				0D7A27E71FA9A5BF00CB148E /* UIImageView+FZKUntil.h */,
				0D7A27E81FA9A5BF00CB148E /* UIImageView+FZKUntil.m */,
				0D7A27E91FA9A5BF00CB148E /* UINavigationController+FZKUntil.h */,
				0D7A27EA1FA9A5BF00CB148E /* UINavigationController+FZKUntil.m */,
				0D7A27EB1FA9A5BF00CB148E /* UITextField+FZKUntil.h */,
				0D7A27EC1FA9A5BF00CB148E /* UITextField+FZKUntil.m */,
				0D7A27ED1FA9A5BF00CB148E /* UITextView+FZKUntil.h */,
				0D7A27EE1FA9A5BF00CB148E /* UITextView+FZKUntil.m */,
				0D7A27EF1FA9A5BF00CB148E /* UIView+FZKUntil.h */,
				0D7A27F01FA9A5BF00CB148E /* UIView+FZKUntil.m */,
				0D7A27F11FA9A5BF00CB148E /* UIWindow+FZKUntil.h */,
				0D7A27F21FA9A5BF00CB148E /* UIWindow+FZKUntil.m */,
			);
			path = UIKit;
			sourceTree = "<group>";
		};
		0D7A27F41FA9A5BF00CB148E /* Macro */ = {
			isa = PBXGroup;
			children = (
				0D7A27F51FA9A5BF00CB148E /* FZKAPPMacro.h */,
				0D7A27F61FA9A5BF00CB148E /* FZKColorMacro.h */,
				0D7A27F71FA9A5BF00CB148E /* FZKMacro.h */,
				0D7A27F81FA9A5BF00CB148E /* FZKNotificationMacro.h */,
				0D7A27F91FA9A5BF00CB148E /* FZKRequestMacro.h */,
				0D7A27FA1FA9A5BF00CB148E /* FZKSQLMacro.h */,
				0D7A27FB1FA9A5BF00CB148E /* FZKUtilsMacro.h */,
			);
			path = Macro;
			sourceTree = "<group>";
		};
		0D7A27FC1FA9A5BF00CB148E /* Networking */ = {
			isa = PBXGroup;
			children = (
				0D7A27FD1FA9A5BF00CB148E /* FZKNetWorking.h */,
				0D7A27FE1FA9A5BF00CB148E /* FZKNetWorking.m */,
			);
			path = Networking;
			sourceTree = "<group>";
		};
		0D7A28001FA9A5BF00CB148E /* Utilities */ = {
			isa = PBXGroup;
			children = (
				0D7A28011FA9A5BF00CB148E /* FZKAdjustScreen.h */,
				0D7A28021FA9A5BF00CB148E /* FZKCChineseSort.h */,
				0D7A28031FA9A5BF00CB148E /* FZKCChineseSort.m */,
				0D7A28041FA9A5BF00CB148E /* FZKConvert.h */,
				0D7A28051FA9A5BF00CB148E /* FZKConvert.m */,
				0D7A28061FA9A5BF00CB148E /* FZKCountDownButton.h */,
				0D7A28071FA9A5BF00CB148E /* FZKCountDownButton.m */,
				0D7A28081FA9A5BF00CB148E /* FZKMapNavigationManager.h */,
				0D7A28091FA9A5BF00CB148E /* FZKMapNavigationManager.m */,
				0D7A280A1FA9A5BF00CB148E /* FZKPublicMothod.h */,
				0D7A280B1FA9A5BF00CB148E /* FZKPublicMothod.m */,
				0D7A280C1FA9A5BF00CB148E /* FZKSandbox.h */,
				0D7A280D1FA9A5BF00CB148E /* FZKSandbox.m */,
				0D7A280E1FA9A5BF00CB148E /* FZKUtilities.h */,
			);
			path = Utilities;
			sourceTree = "<group>";
		};
		0D7A280F1FA9A5BF00CB148E /* UUID */ = {
			isa = PBXGroup;
			children = (
				0D7A28101FA9A5BF00CB148E /* FZKKeyChainStore.h */,
				0D7A28111FA9A5BF00CB148E /* FZKKeyChainStore.m */,
				0D7A28121FA9A5BF00CB148E /* FZKUUID.h */,
				0D7A28131FA9A5BF00CB148E /* FZKUUID.m */,
			);
			path = UUID;
			sourceTree = "<group>";
		};
/* End PBXGroup section */

/* Begin PBXNativeTarget section */
		0D4117F81E825E00002FC1F9 /* FZKTools */ = {
			isa = PBXNativeTarget;
			buildConfigurationList = 0D4118101E825E00002FC1F9 /* Build configuration list for PBXNativeTarget "FZKTools" */;
			buildPhases = (
				0D4117F51E825E00002FC1F9 /* Sources */,
				0D4117F61E825E00002FC1F9 /* Frameworks */,
				0D4117F71E825E00002FC1F9 /* Resources */,
			);
			buildRules = (
			);
			dependencies = (
			);
			name = FZKTools;
			productName = FZKTools;
			productReference = 0D4117F91E825E00002FC1F9 /* FZKTools.app */;
			productType = "com.apple.product-type.application";
		};
/* End PBXNativeTarget section */

/* Begin PBXProject section */
		0D4117F11E825E00002FC1F9 /* Project object */ = {
			isa = PBXProject;
			attributes = {
				CLASSPREFIX = FZK;
				LastUpgradeCheck = 0820;
				ORGANIZATIONNAME = chinapke;
				TargetAttributes = {
					0D4117F81E825E00002FC1F9 = {
						CreatedOnToolsVersion = 8.2.1;
						DevelopmentTeam = B3LET74VX6;
						ProvisioningStyle = Automatic;
					};
				};
			};
			buildConfigurationList = 0D4117F41E825E00002FC1F9 /* Build configuration list for PBXProject "FZKTools" */;
			compatibilityVersion = "Xcode 3.2";
			developmentRegion = English;
			hasScannedForEncodings = 0;
			knownRegions = (
				en,
				Base,
			);
			mainGroup = 0D4117F01E825E00002FC1F9;
			productRefGroup = 0D4117FA1E825E00002FC1F9 /* Products */;
			projectDirPath = "";
			projectRoot = "";
			targets = (
				0D4117F81E825E00002FC1F9 /* FZKTools */,
			);
		};
/* End PBXProject section */

/* Begin PBXResourcesBuildPhase section */
		0D4117F71E825E00002FC1F9 /* Resources */ = {
			isa = PBXResourcesBuildPhase;
			buildActionMask = 2147483647;
			files = (
				0D41180C1E825E00002FC1F9 /* LaunchScreen.storyboard in Resources */,
				0D4118091E825E00002FC1F9 /* Assets.xcassets in Resources */,
				0D4118071E825E00002FC1F9 /* Main.storyboard in Resources */,
			);
			runOnlyForDeploymentPostprocessing = 0;
		};
/* End PBXResourcesBuildPhase section */

/* Begin PBXSourcesBuildPhase section */
		0D4117F51E825E00002FC1F9 /* Sources */ = {
			isa = PBXSourcesBuildPhase;
			buildActionMask = 2147483647;
			files = (
				0D4118041E825E00002FC1F9 /* ViewController.m in Sources */,
				0D4118011E825E00002FC1F9 /* AppDelegate.m in Sources */,
				0D4117FE1E825E00002FC1F9 /* main.m in Sources */,
			);
			runOnlyForDeploymentPostprocessing = 0;
		};
/* End PBXSourcesBuildPhase section */

/* Begin PBXVariantGroup section */
		0D4118051E825E00002FC1F9 /* Main.storyboard */ = {
			isa = PBXVariantGroup;
			children = (
				0D4118061E825E00002FC1F9 /* Base */,
			);
			name = Main.storyboard;
			sourceTree = "<group>";
		};
		0D41180A1E825E00002FC1F9 /* LaunchScreen.storyboard */ = {
			isa = PBXVariantGroup;
			children = (
				0D41180B1E825E00002FC1F9 /* Base */,
			);
			name = LaunchScreen.storyboard;
			sourceTree = "<group>";
		};
/* End PBXVariantGroup section */

/* Begin XCBuildConfiguration section */
		0D41180E1E825E00002FC1F9 /* Debug */ = {
			isa = XCBuildConfiguration;
			buildSettings = {
				ALWAYS_SEARCH_USER_PATHS = NO;
				CLANG_ANALYZER_NONNULL = YES;
				CLANG_CXX_LANGUAGE_STANDARD = "gnu++0x";
				CLANG_CXX_LIBRARY = "libc++";
				CLANG_ENABLE_MODULES = YES;
				CLANG_ENABLE_OBJC_ARC = YES;
				CLANG_WARN_BOOL_CONVERSION = YES;
				CLANG_WARN_CONSTANT_CONVERSION = YES;
				CLANG_WARN_DIRECT_OBJC_ISA_USAGE = YES_ERROR;
				CLANG_WARN_DOCUMENTATION_COMMENTS = YES;
				CLANG_WARN_EMPTY_BODY = YES;
				CLANG_WARN_ENUM_CONVERSION = YES;
				CLANG_WARN_INFINITE_RECURSION = YES;
				CLANG_WARN_INT_CONVERSION = YES;
				CLANG_WARN_OBJC_ROOT_CLASS = YES_ERROR;
				CLANG_WARN_SUSPICIOUS_MOVE = YES;
				CLANG_WARN_UNREACHABLE_CODE = YES;
				CLANG_WARN__DUPLICATE_METHOD_MATCH = YES;
				"CODE_SIGN_IDENTITY[sdk=iphoneos*]" = "iPhone Developer";
				COPY_PHASE_STRIP = NO;
				DEBUG_INFORMATION_FORMAT = dwarf;
				ENABLE_STRICT_OBJC_MSGSEND = YES;
				ENABLE_TESTABILITY = YES;
				GCC_C_LANGUAGE_STANDARD = gnu99;
				GCC_DYNAMIC_NO_PIC = NO;
				GCC_NO_COMMON_BLOCKS = YES;
				GCC_OPTIMIZATION_LEVEL = 0;
				GCC_PREPROCESSOR_DEFINITIONS = (
					"DEBUG=1",
					"$(inherited)",
				);
				GCC_WARN_64_TO_32_BIT_CONVERSION = YES;
				GCC_WARN_ABOUT_RETURN_TYPE = YES_ERROR;
				GCC_WARN_UNDECLARED_SELECTOR = YES;
				GCC_WARN_UNINITIALIZED_AUTOS = YES_AGGRESSIVE;
				GCC_WARN_UNUSED_FUNCTION = YES;
				GCC_WARN_UNUSED_VARIABLE = YES;
				IPHONEOS_DEPLOYMENT_TARGET = 10.2;
				MTL_ENABLE_DEBUG_INFO = YES;
				ONLY_ACTIVE_ARCH = YES;
				SDKROOT = iphoneos;
				TARGETED_DEVICE_FAMILY = "1,2";
			};
			name = Debug;
		};
		0D41180F1E825E00002FC1F9 /* Release */ = {
			isa = XCBuildConfiguration;
			buildSettings = {
				ALWAYS_SEARCH_USER_PATHS = NO;
				CLANG_ANALYZER_NONNULL = YES;
				CLANG_CXX_LANGUAGE_STANDARD = "gnu++0x";
				CLANG_CXX_LIBRARY = "libc++";
				CLANG_ENABLE_MODULES = YES;
				CLANG_ENABLE_OBJC_ARC = YES;
				CLANG_WARN_BOOL_CONVERSION = YES;
				CLANG_WARN_CONSTANT_CONVERSION = YES;
				CLANG_WARN_DIRECT_OBJC_ISA_USAGE = YES_ERROR;
				CLANG_WARN_DOCUMENTATION_COMMENTS = YES;
				CLANG_WARN_EMPTY_BODY = YES;
				CLANG_WARN_ENUM_CONVERSION = YES;
				CLANG_WARN_INFINITE_RECURSION = YES;
				CLANG_WARN_INT_CONVERSION = YES;
				CLANG_WARN_OBJC_ROOT_CLASS = YES_ERROR;
				CLANG_WARN_SUSPICIOUS_MOVE = YES;
				CLANG_WARN_UNREACHABLE_CODE = YES;
				CLANG_WARN__DUPLICATE_METHOD_MATCH = YES;
				"CODE_SIGN_IDENTITY[sdk=iphoneos*]" = "iPhone Developer";
				COPY_PHASE_STRIP = NO;
				DEBUG_INFORMATION_FORMAT = "dwarf-with-dsym";
				ENABLE_NS_ASSERTIONS = NO;
				ENABLE_STRICT_OBJC_MSGSEND = YES;
				GCC_C_LANGUAGE_STANDARD = gnu99;
				GCC_NO_COMMON_BLOCKS = YES;
				GCC_WARN_64_TO_32_BIT_CONVERSION = YES;
				GCC_WARN_ABOUT_RETURN_TYPE = YES_ERROR;
				GCC_WARN_UNDECLARED_SELECTOR = YES;
				GCC_WARN_UNINITIALIZED_AUTOS = YES_AGGRESSIVE;
				GCC_WARN_UNUSED_FUNCTION = YES;
				GCC_WARN_UNUSED_VARIABLE = YES;
				IPHONEOS_DEPLOYMENT_TARGET = 10.2;
				MTL_ENABLE_DEBUG_INFO = NO;
				SDKROOT = iphoneos;
				TARGETED_DEVICE_FAMILY = "1,2";
				VALIDATE_PRODUCT = YES;
			};
			name = Release;
		};
		0D4118111E825E00002FC1F9 /* Debug */ = {
			isa = XCBuildConfiguration;
			buildSettings = {
				ASSETCATALOG_COMPILER_APPICON_NAME = AppIcon;
				DEVELOPMENT_TEAM = B3LET74VX6;
				INFOPLIST_FILE = FZKTools/Info.plist;
				LD_RUNPATH_SEARCH_PATHS = "$(inherited) @executable_path/Frameworks";
				PRODUCT_BUNDLE_IDENTIFIER = com.chinapke.FZKTools;
				PRODUCT_NAME = "$(TARGET_NAME)";
			};
			name = Debug;
		};
		0D4118121E825E00002FC1F9 /* Release */ = {
			isa = XCBuildConfiguration;
			buildSettings = {
				ASSETCATALOG_COMPILER_APPICON_NAME = AppIcon;
				DEVELOPMENT_TEAM = B3LET74VX6;
				INFOPLIST_FILE = FZKTools/Info.plist;
				LD_RUNPATH_SEARCH_PATHS = "$(inherited) @executable_path/Frameworks";
				PRODUCT_BUNDLE_IDENTIFIER = com.chinapke.FZKTools;
				PRODUCT_NAME = "$(TARGET_NAME)";
			};
			name = Release;
		};
/* End XCBuildConfiguration section */

/* Begin XCConfigurationList section */
		0D4117F41E825E00002FC1F9 /* Build configuration list for PBXProject "FZKTools" */ = {
			isa = XCConfigurationList;
			buildConfigurations = (
				0D41180E1E825E00002FC1F9 /* Debug */,
				0D41180F1E825E00002FC1F9 /* Release */,
			);
			defaultConfigurationIsVisible = 0;
			defaultConfigurationName = Release;
		};
		0D4118101E825E00002FC1F9 /* Build configuration list for PBXNativeTarget "FZKTools" */ = {
			isa = XCConfigurationList;
			buildConfigurations = (
				0D4118111E825E00002FC1F9 /* Debug */,
				0D4118121E825E00002FC1F9 /* Release */,
			);
			defaultConfigurationIsVisible = 0;
			defaultConfigurationName = Release;
		};
/* End XCConfigurationList section */
	};
	rootObject = 0D4117F11E825E00002FC1F9 /* Project object */;
}
